
Microsoft Visual Studio Solution File, Format Version 12.00
# Visual Studio Version 17
VisualStudioVersion = 17.14.36518.9
MinimumVisualStudioVersion = 10.0.40219.1
Project("{FAE04EC0-301F-11D3-BF4B-00C04F79EFBC}") = "BESTPET_DEFINITIVO", "BESTPET_DEFINITIVO\BESTPET_DEFINITIVO.csproj", "{01AAF6C2-6EBF-45E5-85AF-4F63EED5A593}"
EndProject
Global
	GlobalSection(SolutionConfigurationPlatforms) = preSolution
		Debug|Any CPU = Debug|Any CPU
		Release|Any CPU = Release|Any CPU
	EndGlobalSection
	GlobalSection(ProjectConfigurationPlatforms) = postSolution
		{01AAF6C2-6EBF-45E5-85AF-4F63EED5A593}.Debug|Any CPU.ActiveCfg = Debug|Any CPU
		{01AAF6C2-6EBF-45E5-85AF-4F63EED5A593}.Debug|Any CPU.Build.0 = Debug|Any CPU
		{01AAF6C2-6EBF-45E5-85AF-4F63EED5A593}.Release|Any CPU.ActiveCfg = Release|Any CPU
		{01AAF6C2-6EBF-45E5-85AF-4F63EED5A593}.Release|Any CPU.Build.0 = Release|Any CPU
	EndGlobalSection
	GlobalSection(SolutionProperties) = preSolution
		HideSolutionNode = FALSE
	EndGlobalSection
	GlobalSection(ExtensibilityGlobals) = postSolution
		SolutionGuid = {C26B6A6E-A76F-43AD-B4CC-B2992FE54082}
	EndGlobalSection
EndGlobal
